
Microsoft Visual Studio Solution File, Format Version 12.00
# Visual Studio Version 17
VisualStudioVersion = 17.11.35222.181
MinimumVisualStudioVersion = 10.0.40219.1
Project("{FAE04EC0-301F-11D3-BF4B-00C04F79EFBC}") = "Labalatonaya5", "Labalatonaya5\Labalatonaya5.csproj", "{B8A0B4F2-61BD-4F2A-843A-D27D0CF92143}"
EndProject
Global
	GlobalSection(SolutionConfigurationPlatforms) = preSolution
		Debug|Any CPU = Debug|Any CPU
		Release|Any CPU = Release|Any CPU
	EndGlobalSection
	GlobalSection(ProjectConfigurationPlatforms) = postSolution
		{B8A0B4F2-61BD-4F2A-843A-D27D0CF92143}.Debug|Any CPU.ActiveCfg = Debug|Any CPU
		{B8A0B4F2-61BD-4F2A-843A-D27D0CF92143}.Debug|Any CPU.Build.0 = Debug|Any CPU
		{B8A0B4F2-61BD-4F2A-843A-D27D0CF92143}.Release|Any CPU.ActiveCfg = Release|Any CPU
		{B8A0B4F2-61BD-4F2A-843A-D27D0CF92143}.Release|Any CPU.Build.0 = Release|Any CPU
	EndGlobalSection
	GlobalSection(SolutionProperties) = preSolution
		HideSolutionNode = FALSE
	EndGlobalSection
	GlobalSection(ExtensibilityGlobals) = postSolution
		SolutionGuid = {DD271AA8-B249-4D43-8F3A-319B6666249F}
	EndGlobalSection
EndGlobal
